
Microsoft Visual Studio Solution File, Format Version 12.00
# Visual Studio Version 17
VisualStudioVersion = 17.9.34622.214
MinimumVisualStudioVersion = 10.0.40219.1
Project("{9A19103F-16F7-4668-BE54-9A1E7A4F7556}") = "CM.RedisCache", "CM.RedisCache.csproj", "{92EB2116-A273-4956-A24D-DD07EC944654}"
EndProject
Global
	GlobalSection(SolutionConfigurationPlatforms) = preSolution
		Debug|Any CPU = Debug|Any CPU
		Release|Any CPU = Release|Any CPU
	EndGlobalSection
	GlobalSection(ProjectConfigurationPlatforms) = postSolution
		{92EB2116-A273-4956-A24D-DD07EC944654}.Debug|Any CPU.ActiveCfg = Debug|Any CPU
		{92EB2116-A273-4956-A24D-DD07EC944654}.Debug|Any CPU.Build.0 = Debug|Any CPU
		{92EB2116-A273-4956-A24D-DD07EC944654}.Release|Any CPU.ActiveCfg = Release|Any CPU
		{92EB2116-A273-4956-A24D-DD07EC944654}.Release|Any CPU.Build.0 = Release|Any CPU
	EndGlobalSection
	GlobalSection(SolutionProperties) = preSolution
		HideSolutionNode = FALSE
	EndGlobalSection
	GlobalSection(ExtensibilityGlobals) = postSolution
		SolutionGuid = {F01A845D-1D08-439E-96C1-CEE1DDEB1A71}
	EndGlobalSection
EndGlobal
